{
  "name": "k8-network-visualizer",
  "lockfileVersion": 3,
  "requires": true,
  "packages": {
    "": {
      "devDependencies": {
        "@types/cytoscape-fcose": "^2.2.4"
      }
    },
    "node_modules/@types/cytoscape": {
      "version": "3.21.9",
      "resolved": "https://registry.npmjs.org/@types/cytoscape/-/cytoscape-3.21.9.tgz",
      "integrity": "sha512-JyrG4tllI6jvuISPjHK9j2Xv/LTbnLekLke5otGStjFluIyA9JjgnvgZrSBsp8cEDpiTjwgZUZwpPv8TSBcoLw==",
      "dev": true,
      "license": "MIT"
    },
    "node_modules/@types/cytoscape-fcose": {
      "version": "2.2.4",
      "resolved": "https://registry.npmjs.org/@types/cytoscape-fcose/-/cytoscape-fcose-2.2.4.tgz",
      "integrity": "sha512-QwWtnT8HI9h+DHhG5krGc1ZY0Ex+cn85MvX96ZNAjSxuXiZDnjIZW/ypVkvvubTjIY4rSdkJY1D/Nsn8NDpmAw==",
      "dev": true,
      "license": "MIT",
      "dependencies": {
        "@types/cytoscape": "*"
      }
    }
  }
}
